
Microsoft Visual Studio Solution File, Format Version 12.00
# Visual Studio Version 17
VisualStudioVersion = 17.7.34031.279
MinimumVisualStudioVersion = 10.0.40219.1
Project("{FAE04EC0-301F-11D3-BF4B-00C04F79EFBC}") = "AbstractFactory", "AbstractFactory\AbstractFactory.csproj", "{6CCF05F3-C119-4105-A66E-6EFD8CE6149C}"
EndProject
Global
	GlobalSection(SolutionConfigurationPlatforms) = preSolution
		Debug|Any CPU = Debug|Any CPU
		Release|Any CPU = Release|Any CPU
	EndGlobalSection
	GlobalSection(ProjectConfigurationPlatforms) = postSolution
		{6CCF05F3-C119-4105-A66E-6EFD8CE6149C}.Debug|Any CPU.ActiveCfg = Debug|Any CPU
		{6CCF05F3-C119-4105-A66E-6EFD8CE6149C}.Debug|Any CPU.Build.0 = Debug|Any CPU
		{6CCF05F3-C119-4105-A66E-6EFD8CE6149C}.Release|Any CPU.ActiveCfg = Release|Any CPU
		{6CCF05F3-C119-4105-A66E-6EFD8CE6149C}.Release|Any CPU.Build.0 = Release|Any CPU
	EndGlobalSection
	GlobalSection(SolutionProperties) = preSolution
		HideSolutionNode = FALSE
	EndGlobalSection
	GlobalSection(ExtensibilityGlobals) = postSolution
		SolutionGuid = {72BD040C-48AE-49B1-9F38-CF5F0CB76F54}
	EndGlobalSection
EndGlobal
